# eidolons.mcp.lock — auto-generated by 'eidolons mcp install/upgrade/sync'. Commit to VCS.
generated_at: "2026-05-29T15:48:52Z"
eidolons_cli_version: "1.13.4"
catalogue_version: "1.1"
mcps:
  - name: atlas-aci
    kind: oci-image
    version: "0.2.2"
    source:
      image: "ghcr.io/rynaro/atlas-aci"
    integrity:
      algo: oci-digest
      value: "sha256:386677f06b0ce23cb4883f6c0f91d8eac22328cd7d9451ae241e2f183207ad96"
    target: ".mcp.json"
    hosts_wired:
      - ".claude/agents/atlas.md"
      - ".codex/config.toml"
      - ".cursor/mcp.json"
      - ".github/agents/*"
      - ".mcp.json"
    installed_at: "2026-05-29T13:28:59Z"
  - name: junction
    kind: binary
    version: "0.2.0"
    source:
      repo: "Rynaro/Junction"
    integrity:
      algo: none
      value: ""
    target: "/Users/henrique/.eidolons/cache/junction@0.2.0/junction"
    hosts_wired:
      - ".claude/agents/apivr.md"
      - ".claude/agents/atlas.md"
      - ".claude/agents/forge.md"
      - ".claude/agents/idg.md"
      - ".claude/agents/spectra.md"
      - ".claude/agents/vigil.md"
      - ".eidolons/harness/manifest.json"
    installed_at: "2026-05-29T15:48:51Z"
