# eidolons.lock — auto-generated by 'eidolons sync'. Commit to VCS.
generated_at: "2026-06-01T18:34:36Z"
eidolons_cli_version: "1.13.4"
nexus_commit: "10d91137fb264db15087cd0de5055eb2995a59a8"
members:
  - name: atlas
    version: "1.8.0"
    resolved: "github:Rynaro/ATLAS@c8ee194ce6c799e453997ab019bf3d4dea752214"
    commit: "c8ee194ce6c799e453997ab019bf3d4dea752214"
    tree: "8da807f25c38a1c465714ce6fcde70bd0e1528c2"
    archive_sha256: "dbc353fbde816896176d4b12fe3d9c02c1d0c279633a3fb3c97cce44ddc61b6b"
    manifest_sha256: "38bae5f852eddfb630dc5f5d0486ae1cd0542e87d762faafc64852de960b2e51"
    verification: "verified"
    target: "./.eidolons/atlas"
    hosts_wired: ["claude-code","copilot"]
  - name: spectra
    version: "4.5.2"
    resolved: "github:Rynaro/SPECTRA@f164b1572ef287658d9797c65be5c7427b44b657"
    commit: "f164b1572ef287658d9797c65be5c7427b44b657"
    tree: "5e87a964d4981f9c81d0ea086b7ebad6e78d8349"
    archive_sha256: "5acc2d34822009a4d01f230833de2ce67db2cbbd5feeb61f0801b1c6c1caa327"
    manifest_sha256: "abed633c2a98f8de65f8997bf1413bd07ded3d2ae27ef98be17d2387fcd98da5"
    verification: "verified"
    target: "./.eidolons/spectra"
    hosts_wired: ["claude-code","copilot"]
  - name: apivr
    version: "3.3.1"
    resolved: "github:Rynaro/APIVR-Delta@fb3b38508f1bb0181c691606af6369424116a8a8"
    commit: "fb3b38508f1bb0181c691606af6369424116a8a8"
    tree: "53196233901740f75a4a66663a606ec2a18abd14"
    archive_sha256: "2613c6228fd880f5298aa14f1ee2dc62db640c403039553fc49945f6c46be588"
    manifest_sha256: "0954c96aa4a1894199e929ec3481f8d7fbd833a31d0877fa4e791c4432e1dfa3"
    verification: "verified"
    target: "./.eidolons/apivr"
    hosts_wired: ["claude-code","copilot"]
  - name: idg
    version: "1.4.2"
    resolved: "github:Rynaro/IDG@c6628c68d1ad67400e8d43891491f0600d2d30cc"
    commit: "c6628c68d1ad67400e8d43891491f0600d2d30cc"
    tree: "d1d6acdc1cde4305794bef760d10dc88407a8225"
    archive_sha256: "272b8f6ebee1f5d1664fafa2780d9ef82bed89c95fd0a73dc2e8b088fc28f9a4"
    manifest_sha256: "3299534e5c22c2222ee0f0a6efe432906a131cc8de52a0a7dc5aaae2a7b2888e"
    verification: "verified"
    target: "./.eidolons/idg"
    hosts_wired: ["claude-code","copilot"]
  - name: forge
    version: "1.5.2"
    resolved: "github:Rynaro/FORGE@0483883ba8f8a003c6f1873b060aa8062039ff16"
    commit: "0483883ba8f8a003c6f1873b060aa8062039ff16"
    tree: "7fbe3d07dede07fb81a26f9c433fc6d0b91a67a9"
    archive_sha256: "26b7fc6bf411fbf2f2184c4e92a7f519ff00923268ffb8ecc00bf4290344cc8f"
    manifest_sha256: "cd091d2414e7fc2546212228a6e0f3c3e8c7b49516f61854f24e67f08d014382"
    verification: "verified"
    target: "./.eidolons/forge"
    hosts_wired: ["claude-code","copilot"]
  - name: vigil
    version: "1.3.2"
    resolved: "github:Rynaro/VIGIL@3318dba92ceb3980f887f0b098ea11065ffa4f98"
    commit: "3318dba92ceb3980f887f0b098ea11065ffa4f98"
    tree: "800d2e7f2d640a80e70070682e30e21d84b5c906"
    archive_sha256: "a6da80efb5afea1a2e56f91c221d6c5d3d2ef51bfffdd1c242d7f57d2dd69099"
    manifest_sha256: "1d08b63c57b5a4abe47e427be8d8f74c41c9adf19ccef7c82c3ca93b6fa03273"
    verification: "verified"
    target: "./.eidolons/vigil"
    hosts_wired: ["claude-code","copilot"]
hosts:
  wire: [claude-code, copilot]
  shared_dispatch: false
  strict: false
  pointer_targets: [AGENTS.md, CLAUDE.md, .github/copilot-instructions.md]
composition:
  target: EIDOLONS.md
  hoisted_from:
    - AGENTS.md
    - CLAUDE.md
    - .github/copilot-instructions.md
  agents_md_role: hoisted
  schema_version: 1
